
Microsoft Visual Studio Solution File, Format Version 12.00
# Visual Studio 14
VisualStudioVersion = 14.0.24720.0
MinimumVisualStudioVersion = 10.0.40219.1
Project("{FAE04EC0-301F-11D3-BF4B-00C04F79EFBC}") = "Proj1-Ahmed(short version)", "Proj1-Ahmed(short version)\Proj1-Ahmed(short version).csproj", "{38AAAC46-0CB9-464A-841C-2F8EB20B9F2E}"
EndProject
Global
	GlobalSection(SolutionConfigurationPlatforms) = preSolution
		Debug|Any CPU = Debug|Any CPU
		Release|Any CPU = Release|Any CPU
	EndGlobalSection
	GlobalSection(ProjectConfigurationPlatforms) = postSolution
		{38AAAC46-0CB9-464A-841C-2F8EB20B9F2E}.Debug|Any CPU.ActiveCfg = Debug|Any CPU
		{38AAAC46-0CB9-464A-841C-2F8EB20B9F2E}.Debug|Any CPU.Build.0 = Debug|Any CPU
		{38AAAC46-0CB9-464A-841C-2F8EB20B9F2E}.Release|Any CPU.ActiveCfg = Release|Any CPU
		{38AAAC46-0CB9-464A-841C-2F8EB20B9F2E}.Release|Any CPU.Build.0 = Release|Any CPU
	EndGlobalSection
	GlobalSection(SolutionProperties) = preSolution
		HideSolutionNode = FALSE
	EndGlobalSection
EndGlobal
