
Microsoft Visual Studio Solution File, Format Version 12.00
# Visual Studio 14
VisualStudioVersion = 14.0.24720.0
MinimumVisualStudioVersion = 10.0.40219.1
Project("{FAE04EC0-301F-11D3-BF4B-00C04F79EFBC}") = "Proj5-Ahmed", "Proj5-Ahmed\Proj5-Ahmed.csproj", "{0763CE17-5AE1-4131-8CAB-55E8F188CC7C}"
EndProject
Global
	GlobalSection(SolutionConfigurationPlatforms) = preSolution
		Debug|Any CPU = Debug|Any CPU
		Release|Any CPU = Release|Any CPU
	EndGlobalSection
	GlobalSection(ProjectConfigurationPlatforms) = postSolution
		{0763CE17-5AE1-4131-8CAB-55E8F188CC7C}.Debug|Any CPU.ActiveCfg = Debug|Any CPU
		{0763CE17-5AE1-4131-8CAB-55E8F188CC7C}.Debug|Any CPU.Build.0 = Debug|Any CPU
		{0763CE17-5AE1-4131-8CAB-55E8F188CC7C}.Release|Any CPU.ActiveCfg = Release|Any CPU
		{0763CE17-5AE1-4131-8CAB-55E8F188CC7C}.Release|Any CPU.Build.0 = Release|Any CPU
	EndGlobalSection
	GlobalSection(SolutionProperties) = preSolution
		HideSolutionNode = FALSE
	EndGlobalSection
EndGlobal
